
Microsoft Visual Studio Solution File, Format Version 12.00
# Visual Studio 2017
Project("{FAE04EC0-301F-11D3-BF4B-00C04F79EFBC}") = "Catch.Me.If.You.Can", "Catch.Me.If.You.Can.csproj", "{B23EDE5A-C8EC-A06B-A0E6-5D8EF3380C80}"
EndProject
Global
	GlobalSection(SolutionConfigurationPlatforms) = preSolution
		Debug|Any CPU = Debug|Any CPU
		Release|Any CPU = Release|Any CPU
	EndGlobalSection
	GlobalSection(ProjectConfigurationPlatforms) = postSolution
		{B23EDE5A-C8EC-A06B-A0E6-5D8EF3380C80}.Debug|Any CPU.ActiveCfg = Debug|Any CPU
		{B23EDE5A-C8EC-A06B-A0E6-5D8EF3380C80}.Debug|Any CPU.Build.0 = Debug|Any CPU
		{B23EDE5A-C8EC-A06B-A0E6-5D8EF3380C80}.Release|Any CPU.ActiveCfg = Release|Any CPU
		{B23EDE5A-C8EC-A06B-A0E6-5D8EF3380C80}.Release|Any CPU.Build.0 = Release|Any CPU
	EndGlobalSection
	GlobalSection(SolutionProperties) = preSolution
		HideSolutionNode = FALSE
	EndGlobalSection
EndGlobal
